
Microsoft Visual Studio Solution File, Format Version 12.00
# Visual Studio Version 17
VisualStudioVersion = 17.4.33213.308
MinimumVisualStudioVersion = 10.0.40219.1
Project("{FAE04EC0-301F-11D3-BF4B-00C04F79EFBC}") = "HydrothermalJunctionDetector", "HydrothermalJunctionDetector.csproj", "{66E2C75A-690F-4374-96C8-9B81C51EB890}"
EndProject
Global
	GlobalSection(SolutionConfigurationPlatforms) = preSolution
		Debug|Any CPU = Debug|Any CPU
		Release|Any CPU = Release|Any CPU
	EndGlobalSection
	GlobalSection(ProjectConfigurationPlatforms) = postSolution
		{66E2C75A-690F-4374-96C8-9B81C51EB890}.Debug|Any CPU.ActiveCfg = Debug|Any CPU
		{66E2C75A-690F-4374-96C8-9B81C51EB890}.Debug|Any CPU.Build.0 = Debug|Any CPU
		{66E2C75A-690F-4374-96C8-9B81C51EB890}.Release|Any CPU.ActiveCfg = Release|Any CPU
		{66E2C75A-690F-4374-96C8-9B81C51EB890}.Release|Any CPU.Build.0 = Release|Any CPU
	EndGlobalSection
	GlobalSection(SolutionProperties) = preSolution
		HideSolutionNode = FALSE
	EndGlobalSection
	GlobalSection(ExtensibilityGlobals) = postSolution
		SolutionGuid = {76B4F3DB-AF5B-460D-BDF7-D6CB0E70297B}
	EndGlobalSection
EndGlobal
